
Microsoft Visual Studio Solution File, Format Version 12.00
# Visual Studio 15
VisualStudioVersion = 15.0.28307.1062
MinimumVisualStudioVersion = 10.0.40219.1
Project("{FAE04EC0-301F-11D3-BF4B-00C04F79EFBC}") = "Kyrsovay_PCOIB", "Kyrsovay_PCOIB\Kyrsovay_PCOIB.csproj", "{AA9CFF34-1684-470C-B62A-72463F893205}"
EndProject
Global
	GlobalSection(SolutionConfigurationPlatforms) = preSolution
		Debug|Any CPU = Debug|Any CPU
		Release|Any CPU = Release|Any CPU
	EndGlobalSection
	GlobalSection(ProjectConfigurationPlatforms) = postSolution
		{AA9CFF34-1684-470C-B62A-72463F893205}.Debug|Any CPU.ActiveCfg = Debug|Any CPU
		{AA9CFF34-1684-470C-B62A-72463F893205}.Debug|Any CPU.Build.0 = Debug|Any CPU
		{AA9CFF34-1684-470C-B62A-72463F893205}.Release|Any CPU.ActiveCfg = Release|Any CPU
		{AA9CFF34-1684-470C-B62A-72463F893205}.Release|Any CPU.Build.0 = Release|Any CPU
	EndGlobalSection
	GlobalSection(SolutionProperties) = preSolution
		HideSolutionNode = FALSE
	EndGlobalSection
	GlobalSection(ExtensibilityGlobals) = postSolution
		SolutionGuid = {D51EB16B-F853-45FC-AD9E-B65C2F2FCED1}
	EndGlobalSection
EndGlobal
